
Microsoft Visual Studio Solution File, Format Version 12.00
# Visual Studio Version 16
VisualStudioVersion = 16.0.30413.136
MinimumVisualStudioVersion = 10.0.40219.1
Project("{FAE04EC0-301F-11D3-BF4B-00C04F79EFBC}") = "Exam Monefy", "Exam Monefy\Exam Monefy.csproj", "{6CC58889-4778-45E8-89D4-10DE9A4B177B}"
EndProject
Global
	GlobalSection(SolutionConfigurationPlatforms) = preSolution
		Debug|Any CPU = Debug|Any CPU
		Release|Any CPU = Release|Any CPU
	EndGlobalSection
	GlobalSection(ProjectConfigurationPlatforms) = postSolution
		{6CC58889-4778-45E8-89D4-10DE9A4B177B}.Debug|Any CPU.ActiveCfg = Debug|Any CPU
		{6CC58889-4778-45E8-89D4-10DE9A4B177B}.Debug|Any CPU.Build.0 = Debug|Any CPU
		{6CC58889-4778-45E8-89D4-10DE9A4B177B}.Release|Any CPU.ActiveCfg = Release|Any CPU
		{6CC58889-4778-45E8-89D4-10DE9A4B177B}.Release|Any CPU.Build.0 = Release|Any CPU
	EndGlobalSection
	GlobalSection(SolutionProperties) = preSolution
		HideSolutionNode = FALSE
	EndGlobalSection
	GlobalSection(ExtensibilityGlobals) = postSolution
		SolutionGuid = {3856C1AB-D1A1-4AEC-B0D1-300C8961EB25}
	EndGlobalSection
EndGlobal
